
Microsoft Visual Studio Solution File, Format Version 12.00
# Visual Studio Version 16
VisualStudioVersion = 16.0.29215.179
MinimumVisualStudioVersion = 10.0.40219.1
Project("{9A19103F-16F7-4668-BE54-9A1E7A4F7556}") = "CrystalReport", "CrystalReport\CrystalReport.csproj", "{B592A28A-E74E-4494-AF79-35F6C61662AD}"
EndProject
Global
	GlobalSection(SolutionConfigurationPlatforms) = preSolution
		Debug|Any CPU = Debug|Any CPU
		Release|Any CPU = Release|Any CPU
	EndGlobalSection
	GlobalSection(ProjectConfigurationPlatforms) = postSolution
		{B592A28A-E74E-4494-AF79-35F6C61662AD}.Debug|Any CPU.ActiveCfg = Debug|Any CPU
		{B592A28A-E74E-4494-AF79-35F6C61662AD}.Debug|Any CPU.Build.0 = Debug|Any CPU
		{B592A28A-E74E-4494-AF79-35F6C61662AD}.Release|Any CPU.ActiveCfg = Release|Any CPU
		{B592A28A-E74E-4494-AF79-35F6C61662AD}.Release|Any CPU.Build.0 = Release|Any CPU
	EndGlobalSection
	GlobalSection(SolutionProperties) = preSolution
		HideSolutionNode = FALSE
	EndGlobalSection
	GlobalSection(ExtensibilityGlobals) = postSolution
		SolutionGuid = {982B7DF4-100D-44A1-848F-FFF95361FCFF}
	EndGlobalSection
EndGlobal
